{
  "name": "project-Graduation",
  "lockfileVersion": 3,
  "requires": true,
  "packages": {
    "": {
      "dependencies": {
        "lucide": "^0.575.0"
      }
    },
    "node_modules/lucide": {
      "version": "0.575.0",
      "resolved": "https://registry.npmjs.org/lucide/-/lucide-0.575.0.tgz",
      "integrity": "sha512-+xwqZpvrqPioU8bSH49zH2xARfnKyZgIjdnfbex0CrURB3q4wNFhinYN1Z9Q3lE16Q/6N9iEXnStvyS3c70RKw==",
      "license": "ISC"
    }
  }
}
